{
    "version": 3,
    "terraform_version": "0.11.7",
    "serial": 9,
    "lineage": "f3c6782d-a716-62ba-cca0-3e0cfadb54ca",
    "modules": [
        {
            "path": [
                "root"
            ],
            "outputs": {},
            "resources": {
                "docker_container.container_id": {
                    "type": "docker_container",
                    "depends_on": [
                        "docker_image.image_id"
                    ],
                    "primary": {
                        "id": "c575d539ef11c3123f4bac920644f11933baae1ae926347805548dab465b1d2e",
                        "attributes": {
                            "bridge": "",
                            "gateway": "172.17.0.1",
                            "id": "c575d539ef11c3123f4bac920644f11933baae1ae926347805548dab465b1d2e",
                            "image": "sha256:a036643f84cac9369708f874c3699b19e92d83cbcf5b6f7bed3433a30a3aebf6",
                            "ip_address": "172.17.0.2",
                            "ip_prefix_length": "16",
                            "log_driver": "json-file",
                            "must_run": "true",
                            "name": "blog",
                            "ports.#": "1",
                            "ports.580670141.external": "80",
                            "ports.580670141.internal": "2368",
                            "ports.580670141.ip": "",
                            "ports.580670141.protocol": "tcp",
                            "restart": "no"
                        },
                        "meta": {},
                        "tainted": false
                    },
                    "deposed": [],
                    "provider": "provider.docker"
                },
                "docker_image.image_id": {
                    "type": "docker_image",
                    "depends_on": [],
                    "primary": {
                        "id": "sha256:a036643f84cac9369708f874c3699b19e92d83cbcf5b6f7bed3433a30a3aebf6ghost:latest",
                        "attributes": {
                            "id": "sha256:a036643f84cac9369708f874c3699b19e92d83cbcf5b6f7bed3433a30a3aebf6ghost:latest",
                            "latest": "sha256:a036643f84cac9369708f874c3699b19e92d83cbcf5b6f7bed3433a30a3aebf6",
                            "name": "ghost:latest"
                        },
                        "meta": {},
                        "tainted": false
                    },
                    "deposed": [],
                    "provider": "provider.docker"
                }
            },
            "depends_on": []
        }
    ]
}
